Microsoft Visual Studio Solution File, Format Version 12.00
# Visual Studio 15
VisualStudioVersion = 15.0.27428.2015
MinimumVisualStudioVersion = 10.0.40219.1
Project("{FAE04EC0-301F-11D3-BF4B-00C04F79EFBC}") = "XamarinAssignment.Android", "XamarinAssignment.Android\XamarinAssignment.Android.csproj", "{FCEB6D50-B774-4769-8ED0-F2CFB909E7F1}"
EndProject
Project("{FAE04EC0-301F-11D3-BF4B-00C04F79EFBC}") = "XamarinAssignment.iOS", "XamarinAssignment.iOS\XamarinAssignment.iOS.csproj", "{90457EC2-567F-4C74-91E6-C84B3909A0B1}"
EndProject
Project("{9A19103F-16F7-4668-BE54-9A1E7A4F7556}") = "XamarinAssignment", "XamarinAssignment\XamarinAssignment.csproj", "{67C88360-4ED3-40BA-8AB8-A875BA891337}"
EndProject
Global
	GlobalSection(SolutionConfigurationPlatforms) = preSolution
		Ad-Hoc|Any CPU = Ad-Hoc|Any CPU
		Ad-Hoc|iPhone = Ad-Hoc|iPhone
		Ad-Hoc|iPhoneSimulator = Ad-Hoc|iPhoneSimulator
		AppStore|Any CPU = AppStore|Any CPU
		AppStore|iPhone = AppStore|iPhone
		AppStore|iPhoneSimulator = AppStore|iPhoneSimulator
		Debug|Any CPU = Debug|Any CPU
		Debug|iPhone = Debug|iPhone
		Debug|iPhoneSimulator = Debug|iPhoneSimulator
		Release|Any CPU = Release|Any CPU
		Release|iPhone = Release|iPhone
		Release|iPhoneSimulator = Release|iPhoneSimulator
	EndGlobalSection
	GlobalSection(ProjectConfigurationPlatforms) = postSolution
		{FCEB6D50-B774-4769-8ED0-F2CFB909E7F1}.Ad-Hoc|Any CPU.ActiveCfg = Release|Any CPU
		{FCEB6D50-B774-4769-8ED0-F2CFB909E7F1}.Ad-Hoc|Any CPU.Build.0 = Release|Any CPU
		{FCEB6D50-B774-4769-8ED0-F2CFB909E7F1}.Ad-Hoc|Any CPU.Deploy.0 = Release|Any CPU
		{FCEB6D50-B774-4769-8ED0-F2CFB909E7F1}.Ad-Hoc|iPhone.ActiveCfg = Debug|Any CPU
		{FCEB6D50-B774-4769-8ED0-F2CFB909E7F1}.Ad-Hoc|iPhone.Build.0 = Debug|Any CPU
		{FCEB6D50-B774-4769-8ED0-F2CFB909E7F1}.Ad-Hoc|iPhoneSimulator.ActiveCfg = Release|Any CPU
		{FCEB6D50-B774-4769-8ED0-F2CFB909E7F1}.Ad-Hoc|iPhoneSimulator.Build.0 = Release|Any CPU
		{FCEB6D50-B774-4769-8ED0-F2CFB909E7F1}.Ad-Hoc|iPhoneSimulator.Deploy.0 = Release|Any CPU
		{FCEB6D50-B774-4769-8ED0-F2CFB909E7F1}.AppStore|Any CPU.ActiveCfg = Release|Any CPU
		{FCEB6D50-B774-4769-8ED0-F2CFB909E7F1}.AppStore|Any CPU.Build.0 = Release|Any CPU
		{FCEB6D50-B774-4769-8ED0-F2CFB909E7F1}.AppStore|Any CPU.Deploy.0 = Release|Any CPU
		{FCEB6D50-B774-4769-8ED0-F2CFB909E7F1}.AppStore|iPhone.ActiveCfg = Debug|Any CPU
		{FCEB6D50-B774-4769-8ED0-F2CFB909E7F1}.AppStore|iPhone.Build.0 = Debug|Any CPU
		{FCEB6D50-B774-4769-8ED0-F2CFB909E7F1}.AppStore|iPhoneSimulator.ActiveCfg = Release|Any CPU
		{FCEB6D50-B774-4769-8ED0-F2CFB909E7F1}.AppStore|iPhoneSimulator.Build.0 = Release|Any CPU
		{FCEB6D50-B774-4769-8ED0-F2CFB909E7F1}.AppStore|iPhoneSimulator.Deploy.0 = Release|Any CPU
		{FCEB6D50-B774-4769-8ED0-F2CFB909E7F1}.Debug|Any CPU.ActiveCfg = Debug|Any CPU
		{FCEB6D50-B774-4769-8ED0-F2CFB909E7F1}.Debug|Any CPU.Build.0 = Debug|Any CPU
		{FCEB6D50-B774-4769-8ED0-F2CFB909E7F1}.Debug|iPhone.ActiveCfg = Debug|Any CPU
		{FCEB6D50-B774-4769-8ED0-F2CFB909E7F1}.Debug|iPhone.Build.0 = Debug|Any CPU
		{FCEB6D50-B774-4769-8ED0-F2CFB909E7F1}.Debug|iPhoneSimulator.ActiveCfg = Debug|Any CPU
		{FCEB6D50-B774-4769-8ED0-F2CFB909E7F1}.Debug|iPhoneSimulator.Build.0 = Debug|Any CPU
		{FCEB6D50-B774-4769-8ED0-F2CFB909E7F1}.Release|Any CPU.ActiveCfg = Release|Any CPU
		{FCEB6D50-B774-4769-8ED0-F2CFB909E7F1}.Release|Any CPU.Build.0 = Release|Any CPU
		{FCEB6D50-B774-4769-8ED0-F2CFB909E7F1}.Release|iPhone.ActiveCfg = Release|Any CPU
		{FCEB6D50-B774-4769-8ED0-F2CFB909E7F1}.Release|iPhone.Build.0 = Release|Any CPU
		{FCEB6D50-B774-4769-8ED0-F2CFB909E7F1}.Release|iPhoneSimulator.ActiveCfg = Release|Any CPU
		{FCEB6D50-B774-4769-8ED0-F2CFB909E7F1}.Release|iPhoneSimulator.Build.0 = Release|Any CPU
		{90457EC2-567F-4C74-91E6-C84B3909A0B1}.Ad-Hoc|Any CPU.ActiveCfg = Ad-Hoc|iPhoneSimulator
		{90457EC2-567F-4C74-91E6-C84B3909A0B1}.Ad-Hoc|iPhone.ActiveCfg = Ad-Hoc|iPhone
		{90457EC2-567F-4C74-91E6-C84B3909A0B1}.Ad-Hoc|iPhone.Build.0 = Ad-Hoc|iPhone
		{90457EC2-567F-4C74-91E6-C84B3909A0B1}.Ad-Hoc|iPhoneSimulator.ActiveCfg = Ad-Hoc|iPhoneSimulator
		{90457EC2-567F-4C74-91E6-C84B3909A0B1}.Ad-Hoc|iPhoneSimulator.Build.0 = Ad-Hoc|iPhoneSimulator
		{90457EC2-567F-4C74-91E6-C84B3909A0B1}.AppStore|Any CPU.ActiveCfg = AppStore|iPhoneSimulator
		{90457EC2-567F-4C74-91E6-C84B3909A0B1}.AppStore|iPhone.ActiveCfg = AppStore|iPhone
		{90457EC2-567F-4C74-91E6-C84B3909A0B1}.AppStore|iPhone.Build.0 = AppStore|iPhone
		{90457EC2-567F-4C74-91E6-C84B3909A0B1}.AppStore|iPhoneSimulator.ActiveCfg = AppStore|iPhoneSimulator
		{90457EC2-567F-4C74-91E6-C84B3909A0B1}.AppStore|iPhoneSimulator.Build.0 = AppStore|iPhoneSimulator
		{90457EC2-567F-4C74-91E6-C84B3909A0B1}.Debug|Any CPU.ActiveCfg = Debug|iPhoneSimulator
		{90457EC2-567F-4C74-91E6-C84B3909A0B1}.Debug|Any CPU.Build.0 = Debug|iPhoneSimulator
		{90457EC2-567F-4C74-91E6-C84B3909A0B1}.Debug|iPhone.ActiveCfg = Debug|iPhone
		{90457EC2-567F-4C74-91E6-C84B3909A0B1}.Debug|iPhone.Build.0 = Debug|iPhone
		{90457EC2-567F-4C74-91E6-C84B3909A0B1}.Debug|iPhoneSimulator.ActiveCfg = Debug|iPhoneSimulator
		{90457EC2-567F-4C74-91E6-C84B3909A0B1}.Debug|iPhoneSimulator.Build.0 = Debug|iPhoneSimulator
		{90457EC2-567F-4C74-91E6-C84B3909A0B1}.Release|Any CPU.ActiveCfg = Release|iPhoneSimulator
		{90457EC2-567F-4C74-91E6-C84B3909A0B1}.Release|Any CPU.Build.0 = Release|iPhoneSimulator
		{90457EC2-567F-4C74-91E6-C84B3909A0B1}.Release|iPhone.ActiveCfg = Release|iPhone
		{90457EC2-567F-4C74-91E6-C84B3909A0B1}.Release|iPhone.Build.0 = Release|iPhone
		{90457EC2-567F-4C74-91E6-C84B3909A0B1}.Release|iPhoneSimulator.ActiveCfg = Release|iPhoneSimulator
		{90457EC2-567F-4C74-91E6-C84B3909A0B1}.Release|iPhoneSimulator.Build.0 = Release|iPhoneSimulator
		{67C88360-4ED3-40BA-8AB8-A875BA891337}.Ad-Hoc|Any CPU.ActiveCfg = Release|Any CPU
		{67C88360-4ED3-40BA-8AB8-A875BA891337}.Ad-Hoc|Any CPU.Build.0 = Release|Any CPU
		{67C88360-4ED3-40BA-8AB8-A875BA891337}.Ad-Hoc|iPhone.ActiveCfg = Debug|Any CPU
		{67C88360-4ED3-40BA-8AB8-A875BA891337}.Ad-Hoc|iPhone.Build.0 = Debug|Any CPU
		{67C88360-4ED3-40BA-8AB8-A875BA891337}.Ad-Hoc|iPhoneSimulator.ActiveCfg = Release|Any CPU
		{67C88360-4ED3-40BA-8AB8-A875BA891337}.Ad-Hoc|iPhoneSimulator.Build.0 = Release|Any CPU
		{67C88360-4ED3-40BA-8AB8-A875BA891337}.AppStore|Any CPU.ActiveCfg = Release|Any CPU
		{67C88360-4ED3-40BA-8AB8-A875BA891337}.AppStore|Any CPU.Build.0 = Release|Any CPU
		{67C88360-4ED3-40BA-8AB8-A875BA891337}.AppStore|iPhone.ActiveCfg = Debug|Any CPU
		{67C88360-4ED3-40BA-8AB8-A875BA891337}.AppStore|iPhone.Build.0 = Debug|Any CPU
		{67C88360-4ED3-40BA-8AB8-A875BA891337}.AppStore|iPhoneSimulator.ActiveCfg = Release|Any CPU
		{67C88360-4ED3-40BA-8AB8-A875BA891337}.AppStore|iPhoneSimulator.Build.0 = Release|Any CPU
		{67C88360-4ED3-40BA-8AB8-A875BA891337}.Debug|Any CPU.ActiveCfg = Debug|Any CPU
		{67C88360-4ED3-40BA-8AB8-A875BA891337}.Debug|Any CPU.Build.0 = Debug|Any CPU
		{67C88360-4ED3-40BA-8AB8-A875BA891337}.Debug|iPhone.ActiveCfg = Debug|Any CPU
		{67C88360-4ED3-40BA-8AB8-A875BA891337}.Debug|iPhone.Build.0 = Debug|Any CPU
		{67C88360-4ED3-40BA-8AB8-A875BA891337}.Debug|iPhoneSimulator.ActiveCfg = Debug|Any CPU
		{67C88360-4ED3-40BA-8AB8-A875BA891337}.Debug|iPhoneSimulator.Build.0 = Debug|Any CPU
		{67C88360-4ED3-40BA-8AB8-A875BA891337}.Release|Any CPU.ActiveCfg = Release|Any CPU
		{67C88360-4ED3-40BA-8AB8-A875BA891337}.Release|Any CPU.Build.0 = Release|Any CPU
		{67C88360-4ED3-40BA-8AB8-A875BA891337}.Release|iPhone.ActiveCfg = Release|Any CPU
		{67C88360-4ED3-40BA-8AB8-A875BA891337}.Release|iPhone.Build.0 = Release|Any CPU
		{67C88360-4ED3-40BA-8AB8-A875BA891337}.Release|iPhoneSimulator.ActiveCfg = Release|Any CPU
		{67C88360-4ED3-40BA-8AB8-A875BA891337}.Release|iPhoneSimulator.Build.0 = Release|Any CPU
	EndGlobalSection
	GlobalSection(SolutionProperties) = preSolution
		HideSolutionNode = FALSE
	EndGlobalSection
	GlobalSection(ExtensibilityGlobals) = postSolution
		SolutionGuid = {3BF90441-2660-4B86-A52D-C8FA10FD3C65}
	EndGlobalSection
EndGlobal
